
Microsoft Visual Studio Solution File, Format Version 12.00
# Visual Studio 15
VisualStudioVersion = 15.0.28010.2016
MinimumVisualStudioVersion = 10.0.40219.1
Project("{2150E333-8FDC-42A3-9474-1A3956D46DE8}") = "0. Common", "0. Common", "{6C8019A5-A4D4-44DB-B879-D6DEF61723EF}"
EndProject
Project("{9A19103F-16F7-4668-BE54-9A1E7A4F7556}") = "Blabyap.Common.Model", "Blabyap\Blabyap.Common.Model\Blabyap.Common.Model.csproj", "{D222BB34-F5C6-4001-86F0-CF1D5C426FC9}"
EndProject
Project("{2150E333-8FDC-42A3-9474-1A3956D46DE8}") = "1. Mobile", "1. Mobile", "{402274F8-D402-4611-9B7D-189D5C8728C9}"
EndProject
Project("{2150E333-8FDC-42A3-9474-1A3956D46DE8}") = "2. Dotnet Core APi", "2. Dotnet Core APi", "{EC1994AA-166A-4D7F-BEB7-9D6710D3B5FC}"
EndProject
Project("{9A19103F-16F7-4668-BE54-9A1E7A4F7556}") = "Blabyap", "Blabyap\Blabyap\Blabyap.csproj", "{E5849E1D-5CA3-44CD-BAC1-CBEE1FA9FF82}"
EndProject
Project("{FAE04EC0-301F-11D3-BF4B-00C04F79EFBC}") = "Blabyap.Android", "Blabyap\Blabyap.Android\Blabyap.Android.csproj", "{24CE3C36-16B9-426D-AA0C-5961ECF8D88C}"
EndProject
Project("{FAE04EC0-301F-11D3-BF4B-00C04F79EFBC}") = "Blabyap.iOS", "Blabyap\Blabyap.iOS\Blabyap.iOS.csproj", "{30825207-21C5-4F8D-BB1C-AEE8ED2F3B75}"
EndProject
Project("{FAE04EC0-301F-11D3-BF4B-00C04F79EFBC}") = "Blabyap.UWP", "Blabyap\Blabyap.UWP\Blabyap.UWP.csproj", "{F19D459C-90AA-42E2-82AC-525AF9CE9345}"
EndProject
Project("{2150E333-8FDC-42A3-9474-1A3956D46DE8}") = "3. Dotnet Framework Api", "3. Dotnet Framework Api", "{39AC3D45-7080-4E58-9A4C-82DBC03B5AC5}"
EndProject
Project("{FAE04EC0-301F-11D3-BF4B-00C04F79EFBC}") = "Blabyapp.API.Tests", "Blabyap\Blabyapp.API\Blabyapp.API.Tests\Blabyapp.API.Tests.csproj", "{DAD2CAC0-43BB-4BAB-8454-F2DBE4300DD8}"
EndProject
Project("{2150E333-8FDC-42A3-9474-1A3956D46DE8}") = "4. Dotnet Framework Azure API", "4. Dotnet Framework Azure API", "{6E86EF64-FD96-44B1-A6A8-7FE222B58D9F}"
EndProject
Project("{2150E333-8FDC-42A3-9474-1A3956D46DE8}") = "Others", "Others", "{661C9757-4FA3-455F-ADB3-A89F4171D50A}"
EndProject
Project("{9A19103F-16F7-4668-BE54-9A1E7A4F7556}") = "Blabyap.MobileAppService", "Blabyap\Blabyap.MobileAppService\Blabyap.MobileAppService.csproj", "{3FA5DD3A-F3A2-4AD2-ADEE-5A45D3C22EC1}"
EndProject
Project("{FAE04EC0-301F-11D3-BF4B-00C04F79EFBC}") = "Blabyapp.API", "Blabyap\Blabyapp.API\Blabyapp.API\Blabyapp.API.csproj", "{9C0F0D03-2303-472C-AF42-F7B9E52DBBFE}"
EndProject
Project("{9344BDBB-3E7F-41FC-A0DD-8665D75EE146}") = "BlabyApAzure.API", "BlabyApAzure.API\BlabyApAzure.API.csproj", "{3DC82947-5393-463D-818D-BABB46830068}"
EndProject
Project("{FAE04EC0-301F-11D3-BF4B-00C04F79EFBC}") = "AzureUsersAPI", "Blabyap\Blabyapp.API\AzureUsersAPI\AzureUsersAPI.csproj", "{83AD4B78-C831-4F23-BED5-0784BDB9947A}"
EndProject
Project("{FAE04EC0-301F-11D3-BF4B-00C04F79EFBC}") = "BlabyApAzure.APITests", "BlabyApAzure.APITests\BlabyApAzure.APITests.csproj", "{0CEDDA25-5697-4BD9-B140-1FA380E22CB2}"
EndProject
Project("{FAE04EC0-301F-11D3-BF4B-00C04F79EFBC}") = "BlabyApAzure.APITests1", "BlabyApAzure.APITests1\BlabyApAzure.APITests1.csproj", "{8EECEA39-B216-498A-BDF4-C6FBC72FC0CE}"
EndProject
Global
	GlobalSection(SolutionConfigurationPlatforms) = preSolution
		Debug|Any CPU = Debug|Any CPU
		Debug|ARM = Debug|ARM
		Debug|iPhone = Debug|iPhone
		Debug|iPhoneSimulator = Debug|iPhoneSimulator
		Debug|x64 = Debug|x64
		Debug|x86 = Debug|x86
		Release|Any CPU = Release|Any CPU
		Release|ARM = Release|ARM
		Release|iPhone = Release|iPhone
		Release|iPhoneSimulator = Release|iPhoneSimulator
		Release|x64 = Release|x64
		Release|x86 = Release|x86
	EndGlobalSection
	GlobalSection(ProjectConfigurationPlatforms) = postSolution
		{D222BB34-F5C6-4001-86F0-CF1D5C426FC9}.Debug|Any CPU.ActiveCfg = Debug|Any CPU
		{D222BB34-F5C6-4001-86F0-CF1D5C426FC9}.Debug|Any CPU.Build.0 = Debug|Any CPU
		{D222BB34-F5C6-4001-86F0-CF1D5C426FC9}.Debug|ARM.ActiveCfg = Debug|Any CPU
		{D222BB34-F5C6-4001-86F0-CF1D5C426FC9}.Debug|ARM.Build.0 = Debug|Any CPU
		{D222BB34-F5C6-4001-86F0-CF1D5C426FC9}.Debug|iPhone.ActiveCfg = Debug|Any CPU
		{D222BB34-F5C6-4001-86F0-CF1D5C426FC9}.Debug|iPhone.Build.0 = Debug|Any CPU
		{D222BB34-F5C6-4001-86F0-CF1D5C426FC9}.Debug|iPhoneSimulator.ActiveCfg = Debug|Any CPU
		{D222BB34-F5C6-4001-86F0-CF1D5C426FC9}.Debug|iPhoneSimulator.Build.0 = Debug|Any CPU
		{D222BB34-F5C6-4001-86F0-CF1D5C426FC9}.Debug|x64.ActiveCfg = Debug|Any CPU
		{D222BB34-F5C6-4001-86F0-CF1D5C426FC9}.Debug|x64.Build.0 = Debug|Any CPU
		{D222BB34-F5C6-4001-86F0-CF1D5C426FC9}.Debug|x86.ActiveCfg = Debug|Any CPU
		{D222BB34-F5C6-4001-86F0-CF1D5C426FC9}.Debug|x86.Build.0 = Debug|Any CPU
		{D222BB34-F5C6-4001-86F0-CF1D5C426FC9}.Release|Any CPU.ActiveCfg = Release|Any CPU
		{D222BB34-F5C6-4001-86F0-CF1D5C426FC9}.Release|Any CPU.Build.0 = Release|Any CPU
		{D222BB34-F5C6-4001-86F0-CF1D5C426FC9}.Release|ARM.ActiveCfg = Release|Any CPU
		{D222BB34-F5C6-4001-86F0-CF1D5C426FC9}.Release|ARM.Build.0 = Release|Any CPU
		{D222BB34-F5C6-4001-86F0-CF1D5C426FC9}.Release|iPhone.ActiveCfg = Release|Any CPU
		{D222BB34-F5C6-4001-86F0-CF1D5C426FC9}.Release|iPhone.Build.0 = Release|Any CPU
		{D222BB34-F5C6-4001-86F0-CF1D5C426FC9}.Release|iPhoneSimulator.ActiveCfg = Release|Any CPU
		{D222BB34-F5C6-4001-86F0-CF1D5C426FC9}.Release|iPhoneSimulator.Build.0 = Release|Any CPU
		{D222BB34-F5C6-4001-86F0-CF1D5C426FC9}.Release|x64.ActiveCfg = Release|Any CPU
		{D222BB34-F5C6-4001-86F0-CF1D5C426FC9}.Release|x64.Build.0 = Release|Any CPU
		{D222BB34-F5C6-4001-86F0-CF1D5C426FC9}.Release|x86.ActiveCfg = Release|Any CPU
		{D222BB34-F5C6-4001-86F0-CF1D5C426FC9}.Release|x86.Build.0 = Release|Any CPU
		{E5849E1D-5CA3-44CD-BAC1-CBEE1FA9FF82}.Debug|Any CPU.ActiveCfg = Debug|Any CPU
		{E5849E1D-5CA3-44CD-BAC1-CBEE1FA9FF82}.Debug|Any CPU.Build.0 = Debug|Any CPU
		{E5849E1D-5CA3-44CD-BAC1-CBEE1FA9FF82}.Debug|ARM.ActiveCfg = Debug|Any CPU
		{E5849E1D-5CA3-44CD-BAC1-CBEE1FA9FF82}.Debug|ARM.Build.0 = Debug|Any CPU
		{E5849E1D-5CA3-44CD-BAC1-CBEE1FA9FF82}.Debug|iPhone.ActiveCfg = Debug|Any CPU
		{E5849E1D-5CA3-44CD-BAC1-CBEE1FA9FF82}.Debug|iPhone.Build.0 = Debug|Any CPU
		{E5849E1D-5CA3-44CD-BAC1-CBEE1FA9FF82}.Debug|iPhoneSimulator.ActiveCfg = Debug|Any CPU
		{E5849E1D-5CA3-44CD-BAC1-CBEE1FA9FF82}.Debug|iPhoneSimulator.Build.0 = Debug|Any CPU
		{E5849E1D-5CA3-44CD-BAC1-CBEE1FA9FF82}.Debug|x64.ActiveCfg = Debug|Any CPU
		{E5849E1D-5CA3-44CD-BAC1-CBEE1FA9FF82}.Debug|x64.Build.0 = Debug|Any CPU
		{E5849E1D-5CA3-44CD-BAC1-CBEE1FA9FF82}.Debug|x86.ActiveCfg = Debug|Any CPU
		{E5849E1D-5CA3-44CD-BAC1-CBEE1FA9FF82}.Debug|x86.Build.0 = Debug|Any CPU
		{E5849E1D-5CA3-44CD-BAC1-CBEE1FA9FF82}.Release|Any CPU.ActiveCfg = Release|Any CPU
		{E5849E1D-5CA3-44CD-BAC1-CBEE1FA9FF82}.Release|Any CPU.Build.0 = Release|Any CPU
		{E5849E1D-5CA3-44CD-BAC1-CBEE1FA9FF82}.Release|ARM.ActiveCfg = Release|Any CPU
		{E5849E1D-5CA3-44CD-BAC1-CBEE1FA9FF82}.Release|ARM.Build.0 = Release|Any CPU
		{E5849E1D-5CA3-44CD-BAC1-CBEE1FA9FF82}.Release|iPhone.ActiveCfg = Release|Any CPU
		{E5849E1D-5CA3-44CD-BAC1-CBEE1FA9FF82}.Release|iPhone.Build.0 = Release|Any CPU
		{E5849E1D-5CA3-44CD-BAC1-CBEE1FA9FF82}.Release|iPhoneSimulator.ActiveCfg = Release|Any CPU
		{E5849E1D-5CA3-44CD-BAC1-CBEE1FA9FF82}.Release|iPhoneSimulator.Build.0 = Release|Any CPU
		{E5849E1D-5CA3-44CD-BAC1-CBEE1FA9FF82}.Release|x64.ActiveCfg = Release|Any CPU
		{E5849E1D-5CA3-44CD-BAC1-CBEE1FA9FF82}.Release|x64.Build.0 = Release|Any CPU
		{E5849E1D-5CA3-44CD-BAC1-CBEE1FA9FF82}.Release|x86.ActiveCfg = Release|Any CPU
		{E5849E1D-5CA3-44CD-BAC1-CBEE1FA9FF82}.Release|x86.Build.0 = Release|Any CPU
		{24CE3C36-16B9-426D-AA0C-5961ECF8D88C}.Debug|Any CPU.ActiveCfg = Debug|Any CPU
		{24CE3C36-16B9-426D-AA0C-5961ECF8D88C}.Debug|Any CPU.Build.0 = Debug|Any CPU
		{24CE3C36-16B9-426D-AA0C-5961ECF8D88C}.Debug|Any CPU.Deploy.0 = Debug|Any CPU
		{24CE3C36-16B9-426D-AA0C-5961ECF8D88C}.Debug|ARM.ActiveCfg = Debug|Any CPU
		{24CE3C36-16B9-426D-AA0C-5961ECF8D88C}.Debug|ARM.Build.0 = Debug|Any CPU
		{24CE3C36-16B9-426D-AA0C-5961ECF8D88C}.Debug|ARM.Deploy.0 = Debug|Any CPU
		{24CE3C36-16B9-426D-AA0C-5961ECF8D88C}.Debug|iPhone.ActiveCfg = Debug|Any CPU
		{24CE3C36-16B9-426D-AA0C-5961ECF8D88C}.Debug|iPhone.Build.0 = Debug|Any CPU
		{24CE3C36-16B9-426D-AA0C-5961ECF8D88C}.Debug|iPhone.Deploy.0 = Debug|Any CPU
		{24CE3C36-16B9-426D-AA0C-5961ECF8D88C}.Debug|iPhoneSimulator.ActiveCfg = Debug|Any CPU
		{24CE3C36-16B9-426D-AA0C-5961ECF8D88C}.Debug|iPhoneSimulator.Build.0 = Debug|Any CPU
		{24CE3C36-16B9-426D-AA0C-5961ECF8D88C}.Debug|iPhoneSimulator.Deploy.0 = Debug|Any CPU
		{24CE3C36-16B9-426D-AA0C-5961ECF8D88C}.Debug|x64.ActiveCfg = Debug|Any CPU
		{24CE3C36-16B9-426D-AA0C-5961ECF8D88C}.Debug|x64.Build.0 = Debug|Any CPU
		{24CE3C36-16B9-426D-AA0C-5961ECF8D88C}.Debug|x64.Deploy.0 = Debug|Any CPU
		{24CE3C36-16B9-426D-AA0C-5961ECF8D88C}.Debug|x86.ActiveCfg = Debug|Any CPU
		{24CE3C36-16B9-426D-AA0C-5961ECF8D88C}.Debug|x86.Build.0 = Debug|Any CPU
		{24CE3C36-16B9-426D-AA0C-5961ECF8D88C}.Debug|x86.Deploy.0 = Debug|Any CPU
		{24CE3C36-16B9-426D-AA0C-5961ECF8D88C}.Release|Any CPU.ActiveCfg = Release|Any CPU
		{24CE3C36-16B9-426D-AA0C-5961ECF8D88C}.Release|Any CPU.Build.0 = Release|Any CPU
		{24CE3C36-16B9-426D-AA0C-5961ECF8D88C}.Release|Any CPU.Deploy.0 = Release|Any CPU
		{24CE3C36-16B9-426D-AA0C-5961ECF8D88C}.Release|ARM.ActiveCfg = Release|Any CPU
		{24CE3C36-16B9-426D-AA0C-5961ECF8D88C}.Release|ARM.Build.0 = Release|Any CPU
		{24CE3C36-16B9-426D-AA0C-5961ECF8D88C}.Release|ARM.Deploy.0 = Release|Any CPU
		{24CE3C36-16B9-426D-AA0C-5961ECF8D88C}.Release|iPhone.ActiveCfg = Release|Any CPU
		{24CE3C36-16B9-426D-AA0C-5961ECF8D88C}.Release|iPhone.Build.0 = Release|Any CPU
		{24CE3C36-16B9-426D-AA0C-5961ECF8D88C}.Release|iPhone.Deploy.0 = Release|Any CPU
		{24CE3C36-16B9-426D-AA0C-5961ECF8D88C}.Release|iPhoneSimulator.ActiveCfg = Release|Any CPU
		{24CE3C36-16B9-426D-AA0C-5961ECF8D88C}.Release|iPhoneSimulator.Build.0 = Release|Any CPU
		{24CE3C36-16B9-426D-AA0C-5961ECF8D88C}.Release|iPhoneSimulator.Deploy.0 = Release|Any CPU
		{24CE3C36-16B9-426D-AA0C-5961ECF8D88C}.Release|x64.ActiveCfg = Release|Any CPU
		{24CE3C36-16B9-426D-AA0C-5961ECF8D88C}.Release|x64.Build.0 = Release|Any CPU
		{24CE3C36-16B9-426D-AA0C-5961ECF8D88C}.Release|x64.Deploy.0 = Release|Any CPU
		{24CE3C36-16B9-426D-AA0C-5961ECF8D88C}.Release|x86.ActiveCfg = Release|Any CPU
		{24CE3C36-16B9-426D-AA0C-5961ECF8D88C}.Release|x86.Build.0 = Release|Any CPU
		{24CE3C36-16B9-426D-AA0C-5961ECF8D88C}.Release|x86.Deploy.0 = Release|Any CPU
		{30825207-21C5-4F8D-BB1C-AEE8ED2F3B75}.Debug|Any CPU.ActiveCfg = Debug|iPhone
		{30825207-21C5-4F8D-BB1C-AEE8ED2F3B75}.Debug|ARM.ActiveCfg = Debug|iPhone
		{30825207-21C5-4F8D-BB1C-AEE8ED2F3B75}.Debug|iPhone.ActiveCfg = Debug|iPhone
		{30825207-21C5-4F8D-BB1C-AEE8ED2F3B75}.Debug|iPhone.Build.0 = Debug|iPhone
		{30825207-21C5-4F8D-BB1C-AEE8ED2F3B75}.Debug|iPhoneSimulator.ActiveCfg = Debug|iPhoneSimulator
		{30825207-21C5-4F8D-BB1C-AEE8ED2F3B75}.Debug|iPhoneSimulator.Build.0 = Debug|iPhoneSimulator
		{30825207-21C5-4F8D-BB1C-AEE8ED2F3B75}.Debug|x64.ActiveCfg = Debug|iPhone
		{30825207-21C5-4F8D-BB1C-AEE8ED2F3B75}.Debug|x86.ActiveCfg = Debug|iPhone
		{30825207-21C5-4F8D-BB1C-AEE8ED2F3B75}.Release|Any CPU.ActiveCfg = Release|iPhone
		{30825207-21C5-4F8D-BB1C-AEE8ED2F3B75}.Release|ARM.ActiveCfg = Release|iPhone
		{30825207-21C5-4F8D-BB1C-AEE8ED2F3B75}.Release|iPhone.ActiveCfg = Release|iPhone
		{30825207-21C5-4F8D-BB1C-AEE8ED2F3B75}.Release|iPhone.Build.0 = Release|iPhone
		{30825207-21C5-4F8D-BB1C-AEE8ED2F3B75}.Release|iPhoneSimulator.ActiveCfg = Release|iPhoneSimulator
		{30825207-21C5-4F8D-BB1C-AEE8ED2F3B75}.Release|iPhoneSimulator.Build.0 = Release|iPhoneSimulator
		{30825207-21C5-4F8D-BB1C-AEE8ED2F3B75}.Release|x64.ActiveCfg = Release|iPhone
		{30825207-21C5-4F8D-BB1C-AEE8ED2F3B75}.Release|x86.ActiveCfg = Release|iPhone
		{F19D459C-90AA-42E2-82AC-525AF9CE9345}.Debug|Any CPU.ActiveCfg = Debug|x86
		{F19D459C-90AA-42E2-82AC-525AF9CE9345}.Debug|ARM.ActiveCfg = Debug|ARM
		{F19D459C-90AA-42E2-82AC-525AF9CE9345}.Debug|ARM.Build.0 = Debug|ARM
		{F19D459C-90AA-42E2-82AC-525AF9CE9345}.Debug|ARM.Deploy.0 = Debug|ARM
		{F19D459C-90AA-42E2-82AC-525AF9CE9345}.Debug|iPhone.ActiveCfg = Debug|x86
		{F19D459C-90AA-42E2-82AC-525AF9CE9345}.Debug|iPhoneSimulator.ActiveCfg = Debug|x86
		{F19D459C-90AA-42E2-82AC-525AF9CE9345}.Debug|x64.ActiveCfg = Debug|x64
		{F19D459C-90AA-42E2-82AC-525AF9CE9345}.Debug|x64.Build.0 = Debug|x64
		{F19D459C-90AA-42E2-82AC-525AF9CE9345}.Debug|x64.Deploy.0 = Debug|x64
		{F19D459C-90AA-42E2-82AC-525AF9CE9345}.Debug|x86.ActiveCfg = Debug|x86
		{F19D459C-90AA-42E2-82AC-525AF9CE9345}.Debug|x86.Build.0 = Debug|x86
		{F19D459C-90AA-42E2-82AC-525AF9CE9345}.Debug|x86.Deploy.0 = Debug|x86
		{F19D459C-90AA-42E2-82AC-525AF9CE9345}.Release|Any CPU.ActiveCfg = Release|x86
		{F19D459C-90AA-42E2-82AC-525AF9CE9345}.Release|ARM.ActiveCfg = Release|ARM
		{F19D459C-90AA-42E2-82AC-525AF9CE9345}.Release|ARM.Build.0 = Release|ARM
		{F19D459C-90AA-42E2-82AC-525AF9CE9345}.Release|ARM.Deploy.0 = Release|ARM
		{F19D459C-90AA-42E2-82AC-525AF9CE9345}.Release|iPhone.ActiveCfg = Release|x86
		{F19D459C-90AA-42E2-82AC-525AF9CE9345}.Release|iPhoneSimulator.ActiveCfg = Release|x86
		{F19D459C-90AA-42E2-82AC-525AF9CE9345}.Release|x64.ActiveCfg = Release|x64
		{F19D459C-90AA-42E2-82AC-525AF9CE9345}.Release|x64.Build.0 = Release|x64
		{F19D459C-90AA-42E2-82AC-525AF9CE9345}.Release|x64.Deploy.0 = Release|x64
		{F19D459C-90AA-42E2-82AC-525AF9CE9345}.Release|x86.ActiveCfg = Release|x86
		{F19D459C-90AA-42E2-82AC-525AF9CE9345}.Release|x86.Build.0 = Release|x86
		{F19D459C-90AA-42E2-82AC-525AF9CE9345}.Release|x86.Deploy.0 = Release|x86
		{DAD2CAC0-43BB-4BAB-8454-F2DBE4300DD8}.Debug|Any CPU.ActiveCfg = Debug|Any CPU
		{DAD2CAC0-43BB-4BAB-8454-F2DBE4300DD8}.Debug|Any CPU.Build.0 = Debug|Any CPU
		{DAD2CAC0-43BB-4BAB-8454-F2DBE4300DD8}.Debug|ARM.ActiveCfg = Debug|Any CPU
		{DAD2CAC0-43BB-4BAB-8454-F2DBE4300DD8}.Debug|ARM.Build.0 = Debug|Any CPU
		{DAD2CAC0-43BB-4BAB-8454-F2DBE4300DD8}.Debug|iPhone.ActiveCfg = Debug|Any CPU
		{DAD2CAC0-43BB-4BAB-8454-F2DBE4300DD8}.Debug|iPhone.Build.0 = Debug|Any CPU
		{DAD2CAC0-43BB-4BAB-8454-F2DBE4300DD8}.Debug|iPhoneSimulator.ActiveCfg = Debug|Any CPU
		{DAD2CAC0-43BB-4BAB-8454-F2DBE4300DD8}.Debug|iPhoneSimulator.Build.0 = Debug|Any CPU
		{DAD2CAC0-43BB-4BAB-8454-F2DBE4300DD8}.Debug|x64.ActiveCfg = Debug|Any CPU
		{DAD2CAC0-43BB-4BAB-8454-F2DBE4300DD8}.Debug|x64.Build.0 = Debug|Any CPU
		{DAD2CAC0-43BB-4BAB-8454-F2DBE4300DD8}.Debug|x86.ActiveCfg = Debug|Any CPU
		{DAD2CAC0-43BB-4BAB-8454-F2DBE4300DD8}.Debug|x86.Build.0 = Debug|Any CPU
		{DAD2CAC0-43BB-4BAB-8454-F2DBE4300DD8}.Release|Any CPU.ActiveCfg = Release|Any CPU
		{DAD2CAC0-43BB-4BAB-8454-F2DBE4300DD8}.Release|Any CPU.Build.0 = Release|Any CPU
		{DAD2CAC0-43BB-4BAB-8454-F2DBE4300DD8}.Release|ARM.ActiveCfg = Release|Any CPU
		{DAD2CAC0-43BB-4BAB-8454-F2DBE4300DD8}.Release|ARM.Build.0 = Release|Any CPU
		{DAD2CAC0-43BB-4BAB-8454-F2DBE4300DD8}.Release|iPhone.ActiveCfg = Release|Any CPU
		{DAD2CAC0-43BB-4BAB-8454-F2DBE4300DD8}.Release|iPhone.Build.0 = Release|Any CPU
		{DAD2CAC0-43BB-4BAB-8454-F2DBE4300DD8}.Release|iPhoneSimulator.ActiveCfg = Release|Any CPU
		{DAD2CAC0-43BB-4BAB-8454-F2DBE4300DD8}.Release|iPhoneSimulator.Build.0 = Release|Any CPU
		{DAD2CAC0-43BB-4BAB-8454-F2DBE4300DD8}.Release|x64.ActiveCfg = Release|Any CPU
		{DAD2CAC0-43BB-4BAB-8454-F2DBE4300DD8}.Release|x64.Build.0 = Release|Any CPU
		{DAD2CAC0-43BB-4BAB-8454-F2DBE4300DD8}.Release|x86.ActiveCfg = Release|Any CPU
		{DAD2CAC0-43BB-4BAB-8454-F2DBE4300DD8}.Release|x86.Build.0 = Release|Any CPU
		{3FA5DD3A-F3A2-4AD2-ADEE-5A45D3C22EC1}.Debug|Any CPU.ActiveCfg = Debug|Any CPU
		{3FA5DD3A-F3A2-4AD2-ADEE-5A45D3C22EC1}.Debug|Any CPU.Build.0 = Debug|Any CPU
		{3FA5DD3A-F3A2-4AD2-ADEE-5A45D3C22EC1}.Debug|ARM.ActiveCfg = Debug|Any CPU
		{3FA5DD3A-F3A2-4AD2-ADEE-5A45D3C22EC1}.Debug|ARM.Build.0 = Debug|Any CPU
		{3FA5DD3A-F3A2-4AD2-ADEE-5A45D3C22EC1}.Debug|iPhone.ActiveCfg = Debug|Any CPU
		{3FA5DD3A-F3A2-4AD2-ADEE-5A45D3C22EC1}.Debug|iPhone.Build.0 = Debug|Any CPU
		{3FA5DD3A-F3A2-4AD2-ADEE-5A45D3C22EC1}.Debug|iPhoneSimulator.ActiveCfg = Debug|Any CPU
		{3FA5DD3A-F3A2-4AD2-ADEE-5A45D3C22EC1}.Debug|iPhoneSimulator.Build.0 = Debug|Any CPU
		{3FA5DD3A-F3A2-4AD2-ADEE-5A45D3C22EC1}.Debug|x64.ActiveCfg = Debug|Any CPU
		{3FA5DD3A-F3A2-4AD2-ADEE-5A45D3C22EC1}.Debug|x64.Build.0 = Debug|Any CPU
		{3FA5DD3A-F3A2-4AD2-ADEE-5A45D3C22EC1}.Debug|x86.ActiveCfg = Debug|Any CPU
		{3FA5DD3A-F3A2-4AD2-ADEE-5A45D3C22EC1}.Debug|x86.Build.0 = Debug|Any CPU
		{3FA5DD3A-F3A2-4AD2-ADEE-5A45D3C22EC1}.Release|Any CPU.ActiveCfg = Release|Any CPU
		{3FA5DD3A-F3A2-4AD2-ADEE-5A45D3C22EC1}.Release|Any CPU.Build.0 = Release|Any CPU
		{3FA5DD3A-F3A2-4AD2-ADEE-5A45D3C22EC1}.Release|ARM.ActiveCfg = Release|Any CPU
		{3FA5DD3A-F3A2-4AD2-ADEE-5A45D3C22EC1}.Release|ARM.Build.0 = Release|Any CPU
		{3FA5DD3A-F3A2-4AD2-ADEE-5A45D3C22EC1}.Release|iPhone.ActiveCfg = Release|Any CPU
		{3FA5DD3A-F3A2-4AD2-ADEE-5A45D3C22EC1}.Release|iPhone.Build.0 = Release|Any CPU
		{3FA5DD3A-F3A2-4AD2-ADEE-5A45D3C22EC1}.Release|iPhoneSimulator.ActiveCfg = Release|Any CPU
		{3FA5DD3A-F3A2-4AD2-ADEE-5A45D3C22EC1}.Release|iPhoneSimulator.Build.0 = Release|Any CPU
		{3FA5DD3A-F3A2-4AD2-ADEE-5A45D3C22EC1}.Release|x64.ActiveCfg = Release|Any CPU
		{3FA5DD3A-F3A2-4AD2-ADEE-5A45D3C22EC1}.Release|x64.Build.0 = Release|Any CPU
		{3FA5DD3A-F3A2-4AD2-ADEE-5A45D3C22EC1}.Release|x86.ActiveCfg = Release|Any CPU
		{3FA5DD3A-F3A2-4AD2-ADEE-5A45D3C22EC1}.Release|x86.Build.0 = Release|Any CPU
		{9C0F0D03-2303-472C-AF42-F7B9E52DBBFE}.Debug|Any CPU.ActiveCfg = Debug|Any CPU
		{9C0F0D03-2303-472C-AF42-F7B9E52DBBFE}.Debug|Any CPU.Build.0 = Debug|Any CPU
		{9C0F0D03-2303-472C-AF42-F7B9E52DBBFE}.Debug|ARM.ActiveCfg = Debug|Any CPU
		{9C0F0D03-2303-472C-AF42-F7B9E52DBBFE}.Debug|ARM.Build.0 = Debug|Any CPU
		{9C0F0D03-2303-472C-AF42-F7B9E52DBBFE}.Debug|iPhone.ActiveCfg = Debug|Any CPU
		{9C0F0D03-2303-472C-AF42-F7B9E52DBBFE}.Debug|iPhone.Build.0 = Debug|Any CPU
		{9C0F0D03-2303-472C-AF42-F7B9E52DBBFE}.Debug|iPhoneSimulator.ActiveCfg = Debug|Any CPU
		{9C0F0D03-2303-472C-AF42-F7B9E52DBBFE}.Debug|iPhoneSimulator.Build.0 = Debug|Any CPU
		{9C0F0D03-2303-472C-AF42-F7B9E52DBBFE}.Debug|x64.ActiveCfg = Debug|Any CPU
		{9C0F0D03-2303-472C-AF42-F7B9E52DBBFE}.Debug|x64.Build.0 = Debug|Any CPU
		{9C0F0D03-2303-472C-AF42-F7B9E52DBBFE}.Debug|x86.ActiveCfg = Debug|Any CPU
		{9C0F0D03-2303-472C-AF42-F7B9E52DBBFE}.Debug|x86.Build.0 = Debug|Any CPU
		{9C0F0D03-2303-472C-AF42-F7B9E52DBBFE}.Release|Any CPU.ActiveCfg = Release|Any CPU
		{9C0F0D03-2303-472C-AF42-F7B9E52DBBFE}.Release|Any CPU.Build.0 = Release|Any CPU
		{9C0F0D03-2303-472C-AF42-F7B9E52DBBFE}.Release|ARM.ActiveCfg = Release|Any CPU
		{9C0F0D03-2303-472C-AF42-F7B9E52DBBFE}.Release|ARM.Build.0 = Release|Any CPU
		{9C0F0D03-2303-472C-AF42-F7B9E52DBBFE}.Release|iPhone.ActiveCfg = Release|Any CPU
		{9C0F0D03-2303-472C-AF42-F7B9E52DBBFE}.Release|iPhone.Build.0 = Release|Any CPU
		{9C0F0D03-2303-472C-AF42-F7B9E52DBBFE}.Release|iPhoneSimulator.ActiveCfg = Release|Any CPU
		{9C0F0D03-2303-472C-AF42-F7B9E52DBBFE}.Release|iPhoneSimulator.Build.0 = Release|Any CPU
		{9C0F0D03-2303-472C-AF42-F7B9E52DBBFE}.Release|x64.ActiveCfg = Release|Any CPU
		{9C0F0D03-2303-472C-AF42-F7B9E52DBBFE}.Release|x64.Build.0 = Release|Any CPU
		{9C0F0D03-2303-472C-AF42-F7B9E52DBBFE}.Release|x86.ActiveCfg = Release|Any CPU
		{9C0F0D03-2303-472C-AF42-F7B9E52DBBFE}.Release|x86.Build.0 = Release|Any CPU
		{3DC82947-5393-463D-818D-BABB46830068}.Debug|Any CPU.ActiveCfg = Debug|Any CPU
		{3DC82947-5393-463D-818D-BABB46830068}.Debug|Any CPU.Build.0 = Debug|Any CPU
		{3DC82947-5393-463D-818D-BABB46830068}.Debug|ARM.ActiveCfg = Debug|Any CPU
		{3DC82947-5393-463D-818D-BABB46830068}.Debug|ARM.Build.0 = Debug|Any CPU
		{3DC82947-5393-463D-818D-BABB46830068}.Debug|iPhone.ActiveCfg = Debug|Any CPU
		{3DC82947-5393-463D-818D-BABB46830068}.Debug|iPhone.Build.0 = Debug|Any CPU
		{3DC82947-5393-463D-818D-BABB46830068}.Debug|iPhoneSimulator.ActiveCfg = Debug|Any CPU
		{3DC82947-5393-463D-818D-BABB46830068}.Debug|iPhoneSimulator.Build.0 = Debug|Any CPU
		{3DC82947-5393-463D-818D-BABB46830068}.Debug|x64.ActiveCfg = Debug|Any CPU
		{3DC82947-5393-463D-818D-BABB46830068}.Debug|x64.Build.0 = Debug|Any CPU
		{3DC82947-5393-463D-818D-BABB46830068}.Debug|x86.ActiveCfg = Debug|Any CPU
		{3DC82947-5393-463D-818D-BABB46830068}.Debug|x86.Build.0 = Debug|Any CPU
		{3DC82947-5393-463D-818D-BABB46830068}.Release|Any CPU.ActiveCfg = Release|Any CPU
		{3DC82947-5393-463D-818D-BABB46830068}.Release|Any CPU.Build.0 = Release|Any CPU
		{3DC82947-5393-463D-818D-BABB46830068}.Release|ARM.ActiveCfg = Release|Any CPU
		{3DC82947-5393-463D-818D-BABB46830068}.Release|ARM.Build.0 = Release|Any CPU
		{3DC82947-5393-463D-818D-BABB46830068}.Release|iPhone.ActiveCfg = Release|Any CPU
		{3DC82947-5393-463D-818D-BABB46830068}.Release|iPhone.Build.0 = Release|Any CPU
		{3DC82947-5393-463D-818D-BABB46830068}.Release|iPhoneSimulator.ActiveCfg = Release|Any CPU
		{3DC82947-5393-463D-818D-BABB46830068}.Release|iPhoneSimulator.Build.0 = Release|Any CPU
		{3DC82947-5393-463D-818D-BABB46830068}.Release|x64.ActiveCfg = Release|Any CPU
		{3DC82947-5393-463D-818D-BABB46830068}.Release|x64.Build.0 = Release|Any CPU
		{3DC82947-5393-463D-818D-BABB46830068}.Release|x86.ActiveCfg = Release|Any CPU
		{3DC82947-5393-463D-818D-BABB46830068}.Release|x86.Build.0 = Release|Any CPU
		{83AD4B78-C831-4F23-BED5-0784BDB9947A}.Debug|Any CPU.ActiveCfg = Debug|Any CPU
		{83AD4B78-C831-4F23-BED5-0784BDB9947A}.Debug|Any CPU.Build.0 = Debug|Any CPU
		{83AD4B78-C831-4F23-BED5-0784BDB9947A}.Debug|ARM.ActiveCfg = Debug|Any CPU
		{83AD4B78-C831-4F23-BED5-0784BDB9947A}.Debug|ARM.Build.0 = Debug|Any CPU
		{83AD4B78-C831-4F23-BED5-0784BDB9947A}.Debug|iPhone.ActiveCfg = Debug|Any CPU
		{83AD4B78-C831-4F23-BED5-0784BDB9947A}.Debug|iPhone.Build.0 = Debug|Any CPU
		{83AD4B78-C831-4F23-BED5-0784BDB9947A}.Debug|iPhoneSimulator.ActiveCfg = Debug|Any CPU
		{83AD4B78-C831-4F23-BED5-0784BDB9947A}.Debug|iPhoneSimulator.Build.0 = Debug|Any CPU
		{83AD4B78-C831-4F23-BED5-0784BDB9947A}.Debug|x64.ActiveCfg = Debug|Any CPU
		{83AD4B78-C831-4F23-BED5-0784BDB9947A}.Debug|x64.Build.0 = Debug|Any CPU
		{83AD4B78-C831-4F23-BED5-0784BDB9947A}.Debug|x86.ActiveCfg = Debug|Any CPU
		{83AD4B78-C831-4F23-BED5-0784BDB9947A}.Debug|x86.Build.0 = Debug|Any CPU
		{83AD4B78-C831-4F23-BED5-0784BDB9947A}.Release|Any CPU.ActiveCfg = Release|Any CPU
		{83AD4B78-C831-4F23-BED5-0784BDB9947A}.Release|Any CPU.Build.0 = Release|Any CPU
		{83AD4B78-C831-4F23-BED5-0784BDB9947A}.Release|ARM.ActiveCfg = Release|Any CPU
		{83AD4B78-C831-4F23-BED5-0784BDB9947A}.Release|ARM.Build.0 = Release|Any CPU
		{83AD4B78-C831-4F23-BED5-0784BDB9947A}.Release|iPhone.ActiveCfg = Release|Any CPU
		{83AD4B78-C831-4F23-BED5-0784BDB9947A}.Release|iPhone.Build.0 = Release|Any CPU
		{83AD4B78-C831-4F23-BED5-0784BDB9947A}.Release|iPhoneSimulator.ActiveCfg = Release|Any CPU
		{83AD4B78-C831-4F23-BED5-0784BDB9947A}.Release|iPhoneSimulator.Build.0 = Release|Any CPU
		{83AD4B78-C831-4F23-BED5-0784BDB9947A}.Release|x64.ActiveCfg = Release|Any CPU
		{83AD4B78-C831-4F23-BED5-0784BDB9947A}.Release|x64.Build.0 = Release|Any CPU
		{83AD4B78-C831-4F23-BED5-0784BDB9947A}.Release|x86.ActiveCfg = Release|Any CPU
		{83AD4B78-C831-4F23-BED5-0784BDB9947A}.Release|x86.Build.0 = Release|Any CPU
		{0CEDDA25-5697-4BD9-B140-1FA380E22CB2}.Debug|Any CPU.ActiveCfg = Debug|Any CPU
		{0CEDDA25-5697-4BD9-B140-1FA380E22CB2}.Debug|Any CPU.Build.0 = Debug|Any CPU
		{0CEDDA25-5697-4BD9-B140-1FA380E22CB2}.Debug|ARM.ActiveCfg = Debug|Any CPU
		{0CEDDA25-5697-4BD9-B140-1FA380E22CB2}.Debug|ARM.Build.0 = Debug|Any CPU
		{0CEDDA25-5697-4BD9-B140-1FA380E22CB2}.Debug|iPhone.ActiveCfg = Debug|Any CPU
		{0CEDDA25-5697-4BD9-B140-1FA380E22CB2}.Debug|iPhone.Build.0 = Debug|Any CPU
		{0CEDDA25-5697-4BD9-B140-1FA380E22CB2}.Debug|iPhoneSimulator.ActiveCfg = Debug|Any CPU
		{0CEDDA25-5697-4BD9-B140-1FA380E22CB2}.Debug|iPhoneSimulator.Build.0 = Debug|Any CPU
		{0CEDDA25-5697-4BD9-B140-1FA380E22CB2}.Debug|x64.ActiveCfg = Debug|Any CPU
		{0CEDDA25-5697-4BD9-B140-1FA380E22CB2}.Debug|x64.Build.0 = Debug|Any CPU
		{0CEDDA25-5697-4BD9-B140-1FA380E22CB2}.Debug|x86.ActiveCfg = Debug|Any CPU
		{0CEDDA25-5697-4BD9-B140-1FA380E22CB2}.Debug|x86.Build.0 = Debug|Any CPU
		{0CEDDA25-5697-4BD9-B140-1FA380E22CB2}.Release|Any CPU.ActiveCfg = Release|Any CPU
		{0CEDDA25-5697-4BD9-B140-1FA380E22CB2}.Release|Any CPU.Build.0 = Release|Any CPU
		{0CEDDA25-5697-4BD9-B140-1FA380E22CB2}.Release|ARM.ActiveCfg = Release|Any CPU
		{0CEDDA25-5697-4BD9-B140-1FA380E22CB2}.Release|ARM.Build.0 = Release|Any CPU
		{0CEDDA25-5697-4BD9-B140-1FA380E22CB2}.Release|iPhone.ActiveCfg = Release|Any CPU
		{0CEDDA25-5697-4BD9-B140-1FA380E22CB2}.Release|iPhone.Build.0 = Release|Any CPU
		{0CEDDA25-5697-4BD9-B140-1FA380E22CB2}.Release|iPhoneSimulator.ActiveCfg = Release|Any CPU
		{0CEDDA25-5697-4BD9-B140-1FA380E22CB2}.Release|iPhoneSimulator.Build.0 = Release|Any CPU
		{0CEDDA25-5697-4BD9-B140-1FA380E22CB2}.Release|x64.ActiveCfg = Release|Any CPU
		{0CEDDA25-5697-4BD9-B140-1FA380E22CB2}.Release|x64.Build.0 = Release|Any CPU
		{0CEDDA25-5697-4BD9-B140-1FA380E22CB2}.Release|x86.ActiveCfg = Release|Any CPU
		{0CEDDA25-5697-4BD9-B140-1FA380E22CB2}.Release|x86.Build.0 = Release|Any CPU
		{8EECEA39-B216-498A-BDF4-C6FBC72FC0CE}.Debug|Any CPU.ActiveCfg = Debug|Any CPU
		{8EECEA39-B216-498A-BDF4-C6FBC72FC0CE}.Debug|Any CPU.Build.0 = Debug|Any CPU
		{8EECEA39-B216-498A-BDF4-C6FBC72FC0CE}.Debug|ARM.ActiveCfg = Debug|Any CPU
		{8EECEA39-B216-498A-BDF4-C6FBC72FC0CE}.Debug|ARM.Build.0 = Debug|Any CPU
		{8EECEA39-B216-498A-BDF4-C6FBC72FC0CE}.Debug|iPhone.ActiveCfg = Debug|Any CPU
		{8EECEA39-B216-498A-BDF4-C6FBC72FC0CE}.Debug|iPhone.Build.0 = Debug|Any CPU
		{8EECEA39-B216-498A-BDF4-C6FBC72FC0CE}.Debug|iPhoneSimulator.ActiveCfg = Debug|Any CPU
		{8EECEA39-B216-498A-BDF4-C6FBC72FC0CE}.Debug|iPhoneSimulator.Build.0 = Debug|Any CPU
		{8EECEA39-B216-498A-BDF4-C6FBC72FC0CE}.Debug|x64.ActiveCfg = Debug|Any CPU
		{8EECEA39-B216-498A-BDF4-C6FBC72FC0CE}.Debug|x64.Build.0 = Debug|Any CPU
		{8EECEA39-B216-498A-BDF4-C6FBC72FC0CE}.Debug|x86.ActiveCfg = Debug|Any CPU
		{8EECEA39-B216-498A-BDF4-C6FBC72FC0CE}.Debug|x86.Build.0 = Debug|Any CPU
		{8EECEA39-B216-498A-BDF4-C6FBC72FC0CE}.Release|Any CPU.ActiveCfg = Release|Any CPU
		{8EECEA39-B216-498A-BDF4-C6FBC72FC0CE}.Release|Any CPU.Build.0 = Release|Any CPU
		{8EECEA39-B216-498A-BDF4-C6FBC72FC0CE}.Release|ARM.ActiveCfg = Release|Any CPU
		{8EECEA39-B216-498A-BDF4-C6FBC72FC0CE}.Release|ARM.Build.0 = Release|Any CPU
		{8EECEA39-B216-498A-BDF4-C6FBC72FC0CE}.Release|iPhone.ActiveCfg = Release|Any CPU
		{8EECEA39-B216-498A-BDF4-C6FBC72FC0CE}.Release|iPhone.Build.0 = Release|Any CPU
		{8EECEA39-B216-498A-BDF4-C6FBC72FC0CE}.Release|iPhoneSimulator.ActiveCfg = Release|Any CPU
		{8EECEA39-B216-498A-BDF4-C6FBC72FC0CE}.Release|iPhoneSimulator.Build.0 = Release|Any CPU
		{8EECEA39-B216-498A-BDF4-C6FBC72FC0CE}.Release|x64.ActiveCfg = Release|Any CPU
		{8EECEA39-B216-498A-BDF4-C6FBC72FC0CE}.Release|x64.Build.0 = Release|Any CPU
		{8EECEA39-B216-498A-BDF4-C6FBC72FC0CE}.Release|x86.ActiveCfg = Release|Any CPU
		{8EECEA39-B216-498A-BDF4-C6FBC72FC0CE}.Release|x86.Build.0 = Release|Any CPU
	EndGlobalSection
	GlobalSection(SolutionProperties) = preSolution
		HideSolutionNode = FALSE
	EndGlobalSection
	GlobalSection(NestedProjects) = preSolution
		{D222BB34-F5C6-4001-86F0-CF1D5C426FC9} = {6C8019A5-A4D4-44DB-B879-D6DEF61723EF}
		{E5849E1D-5CA3-44CD-BAC1-CBEE1FA9FF82} = {402274F8-D402-4611-9B7D-189D5C8728C9}
		{24CE3C36-16B9-426D-AA0C-5961ECF8D88C} = {402274F8-D402-4611-9B7D-189D5C8728C9}
		{30825207-21C5-4F8D-BB1C-AEE8ED2F3B75} = {402274F8-D402-4611-9B7D-189D5C8728C9}
		{F19D459C-90AA-42E2-82AC-525AF9CE9345} = {402274F8-D402-4611-9B7D-189D5C8728C9}
		{DAD2CAC0-43BB-4BAB-8454-F2DBE4300DD8} = {39AC3D45-7080-4E58-9A4C-82DBC03B5AC5}
		{3FA5DD3A-F3A2-4AD2-ADEE-5A45D3C22EC1} = {EC1994AA-166A-4D7F-BEB7-9D6710D3B5FC}
		{9C0F0D03-2303-472C-AF42-F7B9E52DBBFE} = {39AC3D45-7080-4E58-9A4C-82DBC03B5AC5}
		{3DC82947-5393-463D-818D-BABB46830068} = {6E86EF64-FD96-44B1-A6A8-7FE222B58D9F}
		{83AD4B78-C831-4F23-BED5-0784BDB9947A} = {661C9757-4FA3-455F-ADB3-A89F4171D50A}
		{0CEDDA25-5697-4BD9-B140-1FA380E22CB2} = {661C9757-4FA3-455F-ADB3-A89F4171D50A}
		{8EECEA39-B216-498A-BDF4-C6FBC72FC0CE} = {661C9757-4FA3-455F-ADB3-A89F4171D50A}
	EndGlobalSection
	GlobalSection(ExtensibilityGlobals) = postSolution
		SolutionGuid = {65C57D89-4459-4C70-A5F1-D24C45A7395E}
	EndGlobalSection
	GlobalSection(MonoDevelopProperties) = preSolution
		version = 0.5
	EndGlobalSection
EndGlobal
