
Microsoft Visual Studio Solution File, Format Version 12.00
# Visual Studio 15
VisualStudioVersion = 15.0.28010.2046
MinimumVisualStudioVersion = 10.0.40219.1
Project("{FAE04EC0-301F-11D3-BF4B-00C04F79EFBC}") = "BlabyApAzure.API", "BlabyApAzure.API.csproj", "{57647EC1-424E-4B61-89A6-29138A174F57}"
EndProject
Project("{9A19103F-16F7-4668-BE54-9A1E7A4F7556}") = "Blabyap.Common.Model", "..\Blabyap\Blabyap.Common.Model\Blabyap.Common.Model.csproj", "{26B4ECC0-E1BD-417F-A608-77CF9E373847}"
EndProject
Global
	GlobalSection(SolutionConfigurationPlatforms) = preSolution
		Debug|Any CPU = Debug|Any CPU
		Release|Any CPU = Release|Any CPU
	EndGlobalSection
	GlobalSection(ProjectConfigurationPlatforms) = postSolution
		{57647EC1-424E-4B61-89A6-29138A174F57}.Debug|Any CPU.ActiveCfg = Debug|Any CPU
		{57647EC1-424E-4B61-89A6-29138A174F57}.Debug|Any CPU.Build.0 = Debug|Any CPU
		{57647EC1-424E-4B61-89A6-29138A174F57}.Release|Any CPU.ActiveCfg = Release|Any CPU
		{57647EC1-424E-4B61-89A6-29138A174F57}.Release|Any CPU.Build.0 = Release|Any CPU
		{26B4ECC0-E1BD-417F-A608-77CF9E373847}.Debug|Any CPU.ActiveCfg = Debug|Any CPU
		{26B4ECC0-E1BD-417F-A608-77CF9E373847}.Debug|Any CPU.Build.0 = Debug|Any CPU
		{26B4ECC0-E1BD-417F-A608-77CF9E373847}.Release|Any CPU.ActiveCfg = Release|Any CPU
		{26B4ECC0-E1BD-417F-A608-77CF9E373847}.Release|Any CPU.Build.0 = Release|Any CPU
	EndGlobalSection
	GlobalSection(SolutionProperties) = preSolution
		HideSolutionNode = FALSE
	EndGlobalSection
	GlobalSection(ExtensibilityGlobals) = postSolution
		SolutionGuid = {ECD80521-5A5C-4662-877B-E33C45EBAC83}
	EndGlobalSection
EndGlobal
