
Microsoft Visual Studio Solution File, Format Version 12.00
# Visual Studio 15
VisualStudioVersion = 15.0.28010.2016
MinimumVisualStudioVersion = 10.0.40219.1
Project("{FAE04EC0-301F-11D3-BF4B-00C04F79EFBC}") = "Blabyapp.API", "Blabyapp.API\Blabyapp.API.csproj", "{9C0F0D03-2303-472C-AF42-F7B9E52DBBFE}"
EndProject
Global
	GlobalSection(SolutionConfigurationPlatforms) = preSolution
		Debug|Any CPU = Debug|Any CPU
		Release|Any CPU = Release|Any CPU
	EndGlobalSection
	GlobalSection(ProjectConfigurationPlatforms) = postSolution
		{9C0F0D03-2303-472C-AF42-F7B9E52DBBFE}.Debug|Any CPU.ActiveCfg = Debug|Any CPU
		{9C0F0D03-2303-472C-AF42-F7B9E52DBBFE}.Debug|Any CPU.Build.0 = Debug|Any CPU
		{9C0F0D03-2303-472C-AF42-F7B9E52DBBFE}.Release|Any CPU.ActiveCfg = Release|Any CPU
		{9C0F0D03-2303-472C-AF42-F7B9E52DBBFE}.Release|Any CPU.Build.0 = Release|Any CPU
	EndGlobalSection
	GlobalSection(SolutionProperties) = preSolution
		HideSolutionNode = FALSE
	EndGlobalSection
	GlobalSection(ExtensibilityGlobals) = postSolution
		SolutionGuid = {782055E5-74F3-4028-826C-EA9624864A47}
	EndGlobalSection
EndGlobal
